
Microsoft Visual Studio Solution File, Format Version 12.00
# Visual Studio 15
VisualStudioVersion = 15.0.26730.8
MinimumVisualStudioVersion = 10.0.40219.1
Project("{FAE04EC0-301F-11D3-BF4B-00C04F79EFBC}") = "ConsoleApp1", "ConsoleApp1\ConsoleApp1.csproj", "{30A0284A-62E7-478D-8557-06375F9A59C1}"
EndProject
Project("{2150E333-8FDC-42A3-9474-1A3956D46DE8}") = "Solution Items", "Solution Items", "{45BA27E4-023D-405A-97FD-94A7E9EC20B7}"
	ProjectSection(SolutionItems) = preProject
		..\..\Content\index.html = ..\..\Content\index.html
	EndProjectSection
EndProject
Global
	GlobalSection(SolutionConfigurationPlatforms) = preSolution
		Debug|Any CPU = Debug|Any CPU
		Release|Any CPU = Release|Any CPU
	EndGlobalSection
	GlobalSection(ProjectConfigurationPlatforms) = postSolution
		{30A0284A-62E7-478D-8557-06375F9A59C1}.Debug|Any CPU.ActiveCfg = Debug|Any CPU
		{30A0284A-62E7-478D-8557-06375F9A59C1}.Debug|Any CPU.Build.0 = Debug|Any CPU
		{30A0284A-62E7-478D-8557-06375F9A59C1}.Release|Any CPU.ActiveCfg = Release|Any CPU
		{30A0284A-62E7-478D-8557-06375F9A59C1}.Release|Any CPU.Build.0 = Release|Any CPU
	EndGlobalSection
	GlobalSection(SolutionProperties) = preSolution
		HideSolutionNode = FALSE
	EndGlobalSection
	GlobalSection(ExtensibilityGlobals) = postSolution
		SolutionGuid = {63CC50A3-FE2A-474C-AAE8-A4D177EC9935}
	EndGlobalSection
EndGlobal
